
Microsoft Visual Studio Solution File, Format Version 12.00
# Visual Studio Version 17
VisualStudioVersion = 17.13.35818.85 d17.13
MinimumVisualStudioVersion = 10.0.40219.1
Project("{FAE04EC0-301F-11D3-BF4B-00C04F79EFBC}") = "whileExercises", "whileExercises.csproj", "{FCAF8521-EFEE-41CB-B78B-AE5CA22B9A94}"
EndProject
Global
	GlobalSection(SolutionConfigurationPlatforms) = preSolution
		Debug|Any CPU = Debug|Any CPU
		Release|Any CPU = Release|Any CPU
	EndGlobalSection
	GlobalSection(ProjectConfigurationPlatforms) = postSolution
		{FCAF8521-EFEE-41CB-B78B-AE5CA22B9A94}.Debug|Any CPU.ActiveCfg = Debug|Any CPU
		{FCAF8521-EFEE-41CB-B78B-AE5CA22B9A94}.Debug|Any CPU.Build.0 = Debug|Any CPU
		{FCAF8521-EFEE-41CB-B78B-AE5CA22B9A94}.Release|Any CPU.ActiveCfg = Release|Any CPU
		{FCAF8521-EFEE-41CB-B78B-AE5CA22B9A94}.Release|Any CPU.Build.0 = Release|Any CPU
	EndGlobalSection
	GlobalSection(SolutionProperties) = preSolution
		HideSolutionNode = FALSE
	EndGlobalSection
	GlobalSection(ExtensibilityGlobals) = postSolution
		SolutionGuid = {9A4F6CA7-F7E1-4964-9CAB-2FE7E02251C6}
	EndGlobalSection
EndGlobal
