
Microsoft Visual Studio Solution File, Format Version 12.00
# Visual Studio Version 17
VisualStudioVersion = 17.13.35818.85 d17.13
MinimumVisualStudioVersion = 10.0.40219.1
Project("{FAE04EC0-301F-11D3-BF4B-00C04F79EFBC}") = "studentsGradeCalculator", "studentsGradeCalculator.csproj", "{654213C9-764E-41C1-91B8-424EB18B00DC}"
EndProject
Global
	GlobalSection(SolutionConfigurationPlatforms) = preSolution
		Debug|Any CPU = Debug|Any CPU
		Release|Any CPU = Release|Any CPU
	EndGlobalSection
	GlobalSection(ProjectConfigurationPlatforms) = postSolution
		{654213C9-764E-41C1-91B8-424EB18B00DC}.Debug|Any CPU.ActiveCfg = Debug|Any CPU
		{654213C9-764E-41C1-91B8-424EB18B00DC}.Debug|Any CPU.Build.0 = Debug|Any CPU
		{654213C9-764E-41C1-91B8-424EB18B00DC}.Release|Any CPU.ActiveCfg = Release|Any CPU
		{654213C9-764E-41C1-91B8-424EB18B00DC}.Release|Any CPU.Build.0 = Release|Any CPU
	EndGlobalSection
	GlobalSection(SolutionProperties) = preSolution
		HideSolutionNode = FALSE
	EndGlobalSection
	GlobalSection(ExtensibilityGlobals) = postSolution
		SolutionGuid = {118E2F88-B2E4-4042-8F0D-63374FB3C36D}
	EndGlobalSection
EndGlobal
