
Microsoft Visual Studio Solution File, Format Version 12.00
# Visual Studio Version 17
VisualStudioVersion = 17.14.36301.6 d17.14
MinimumVisualStudioVersion = 10.0.40219.1
Project("{FAE04EC0-301F-11D3-BF4B-00C04F79EFBC}") = "rewriteIfUsingSwitchCase", "rewriteIfUsingSwitchCase.csproj", "{C4F526BD-4400-45F1-AFAE-26F6C08BD254}"
EndProject
Global
	GlobalSection(SolutionConfigurationPlatforms) = preSolution
		Debug|Any CPU = Debug|Any CPU
		Release|Any CPU = Release|Any CPU
	EndGlobalSection
	GlobalSection(ProjectConfigurationPlatforms) = postSolution
		{C4F526BD-4400-45F1-AFAE-26F6C08BD254}.Debug|Any CPU.ActiveCfg = Debug|Any CPU
		{C4F526BD-4400-45F1-AFAE-26F6C08BD254}.Debug|Any CPU.Build.0 = Debug|Any CPU
		{C4F526BD-4400-45F1-AFAE-26F6C08BD254}.Release|Any CPU.ActiveCfg = Release|Any CPU
		{C4F526BD-4400-45F1-AFAE-26F6C08BD254}.Release|Any CPU.Build.0 = Release|Any CPU
	EndGlobalSection
	GlobalSection(SolutionProperties) = preSolution
		HideSolutionNode = FALSE
	EndGlobalSection
	GlobalSection(ExtensibilityGlobals) = postSolution
		SolutionGuid = {B74AD86D-9C47-4DA9-B3B4-3FC526BCEAE9}
	EndGlobalSection
EndGlobal
