
Microsoft Visual Studio Solution File, Format Version 12.00
# Visual Studio Version 17
VisualStudioVersion = 17.13.35818.85 d17.13
MinimumVisualStudioVersion = 10.0.40219.1
Project("{FAE04EC0-301F-11D3-BF4B-00C04F79EFBC}") = "permissionLevel", "permissionLevel.csproj", "{3326E4D1-B73A-4811-AE91-7717CD666ECD}"
EndProject
Global
	GlobalSection(SolutionConfigurationPlatforms) = preSolution
		Debug|Any CPU = Debug|Any CPU
		Release|Any CPU = Release|Any CPU
	EndGlobalSection
	GlobalSection(ProjectConfigurationPlatforms) = postSolution
		{3326E4D1-B73A-4811-AE91-7717CD666ECD}.Debug|Any CPU.ActiveCfg = Debug|Any CPU
		{3326E4D1-B73A-4811-AE91-7717CD666ECD}.Debug|Any CPU.Build.0 = Debug|Any CPU
		{3326E4D1-B73A-4811-AE91-7717CD666ECD}.Release|Any CPU.ActiveCfg = Release|Any CPU
		{3326E4D1-B73A-4811-AE91-7717CD666ECD}.Release|Any CPU.Build.0 = Release|Any CPU
	EndGlobalSection
	GlobalSection(SolutionProperties) = preSolution
		HideSolutionNode = FALSE
	EndGlobalSection
	GlobalSection(ExtensibilityGlobals) = postSolution
		SolutionGuid = {A61D8B68-6467-4C24-8AF2-57B99BA0FA23}
	EndGlobalSection
EndGlobal
